
Microsoft Visual Studio Solution File, Format Version 12.00
# Visual Studio Version 17
VisualStudioVersion = 17.1.31911.260
MinimumVisualStudioVersion = 10.0.40219.1
Project("{9A19103F-16F7-4668-BE54-9A1E7A4F7556}") = "Narumikazuchi.Generators.TaggedUnions", "Narumikazuchi.Generators.TaggedUnions\Narumikazuchi.Generators.TaggedUnions.csproj", "{B5C6F021-6FF6-4B2B-AB27-583C96B33B1F}"
EndProject
Project("{9A19103F-16F7-4668-BE54-9A1E7A4F7556}") = "Narumikazuchi.Generators.TaggedUnions.Core", "Narumikazuchi.Generators.TaggedUnions.Core\Narumikazuchi.Generators.TaggedUnions.Core.csproj", "{41AB3A08-C651-4FF0-8785-130934A170C8}"
EndProject
Project("{9A19103F-16F7-4668-BE54-9A1E7A4F7556}") = "Tests", "Tests\Tests.csproj", "{228BCDDF-DB87-4334-ACB0-DE055BA8365B}"
EndProject
Global
	GlobalSection(SolutionConfigurationPlatforms) = preSolution
		Debug|Any CPU = Debug|Any CPU
		Release|Any CPU = Release|Any CPU
	EndGlobalSection
	GlobalSection(ProjectConfigurationPlatforms) = postSolution
		{B5C6F021-6FF6-4B2B-AB27-583C96B33B1F}.Debug|Any CPU.ActiveCfg = Debug|Any CPU
		{B5C6F021-6FF6-4B2B-AB27-583C96B33B1F}.Debug|Any CPU.Build.0 = Debug|Any CPU
		{B5C6F021-6FF6-4B2B-AB27-583C96B33B1F}.Release|Any CPU.ActiveCfg = Release|Any CPU
		{B5C6F021-6FF6-4B2B-AB27-583C96B33B1F}.Release|Any CPU.Build.0 = Release|Any CPU
		{41AB3A08-C651-4FF0-8785-130934A170C8}.Debug|Any CPU.ActiveCfg = Debug|Any CPU
		{41AB3A08-C651-4FF0-8785-130934A170C8}.Debug|Any CPU.Build.0 = Debug|Any CPU
		{41AB3A08-C651-4FF0-8785-130934A170C8}.Release|Any CPU.ActiveCfg = Release|Any CPU
		{41AB3A08-C651-4FF0-8785-130934A170C8}.Release|Any CPU.Build.0 = Release|Any CPU
		{228BCDDF-DB87-4334-ACB0-DE055BA8365B}.Debug|Any CPU.ActiveCfg = Debug|Any CPU
		{228BCDDF-DB87-4334-ACB0-DE055BA8365B}.Debug|Any CPU.Build.0 = Debug|Any CPU
		{228BCDDF-DB87-4334-ACB0-DE055BA8365B}.Release|Any CPU.ActiveCfg = Release|Any CPU
		{228BCDDF-DB87-4334-ACB0-DE055BA8365B}.Release|Any CPU.Build.0 = Release|Any CPU
	EndGlobalSection
	GlobalSection(SolutionProperties) = preSolution
		HideSolutionNode = FALSE
	EndGlobalSection
	GlobalSection(ExtensibilityGlobals) = postSolution
		SolutionGuid = {5DBBDAD6-C04D-4AA7-B290-B99CB377FB5A}
	EndGlobalSection
EndGlobal
